
Microsoft Visual Studio Solution File, Format Version 12.00
# Visual Studio Version 17
VisualStudioVersion = 17.0.31903.59
MinimumVisualStudioVersion = 10.0.40219.1
Project("{2150E333-8FDC-42A3-9474-1A3956D46DE8}") = "Source", "Source", "{EB831059-5B00-4E0D-8FAD-B80AC2239162}"
EndProject
Project("{FAE04EC0-301F-11D3-BF4B-00C04F79EFBC}") = "ArmyOfTheRim", "Source\ArmyOfTheRim.csproj", "{197EE01E-D2AB-46B5-A811-7D6E54DED8C9}"
EndProject
Global
	GlobalSection(SolutionConfigurationPlatforms) = preSolution
		Debug|Any CPU = Debug|Any CPU
		Release|Any CPU = Release|Any CPU
	EndGlobalSection
	GlobalSection(SolutionProperties) = preSolution
		HideSolutionNode = FALSE
	EndGlobalSection
	GlobalSection(ProjectConfigurationPlatforms) = postSolution
		{197EE01E-D2AB-46B5-A811-7D6E54DED8C9}.Debug|Any CPU.ActiveCfg = Debug|Any CPU
		{197EE01E-D2AB-46B5-A811-7D6E54DED8C9}.Debug|Any CPU.Build.0 = Debug|Any CPU
		{197EE01E-D2AB-46B5-A811-7D6E54DED8C9}.Release|Any CPU.ActiveCfg = Release|Any CPU
		{197EE01E-D2AB-46B5-A811-7D6E54DED8C9}.Release|Any CPU.Build.0 = Release|Any CPU
	EndGlobalSection
	GlobalSection(NestedProjects) = preSolution
		{197EE01E-D2AB-46B5-A811-7D6E54DED8C9} = {EB831059-5B00-4E0D-8FAD-B80AC2239162}
	EndGlobalSection
EndGlobal
